
Microsoft Visual Studio Solution File, Format Version 12.00
# Visual Studio 15
VisualStudioVersion = 15.0.26124.0
MinimumVisualStudioVersion = 15.0.26124.0
Project("{2150E333-8FDC-42A3-9474-1A3956D46DE8}") = "src", "src", "{9EDB9FB4-405E-43D1-9F86-A5F2B72CF6F3}"
EndProject
Project("{FAE04EC0-301F-11D3-BF4B-00C04F79EFBC}") = "Actio.Api", "src\Actio.Api\Actio.Api.csproj", "{97EB152D-6A88-446F-9ED5-FEC9BC960482}"
EndProject
Project("{FAE04EC0-301F-11D3-BF4B-00C04F79EFBC}") = "Actio.Common", "src\Actio.Common\Actio.Common.csproj", "{0BD6CED5-94F4-431A-99A7-E3A669CA6236}"
EndProject
Project("{FAE04EC0-301F-11D3-BF4B-00C04F79EFBC}") = "Actio.Services.Identity", "src\Actio.Services.Identity\Actio.Services.Identity.csproj", "{C049D797-F865-4B23-A567-E52BE8F2A415}"
EndProject
Project("{FAE04EC0-301F-11D3-BF4B-00C04F79EFBC}") = "Actio.Services.Activities", "src\Actio.Services.Activities\Actio.Services.Activities.csproj", "{A03D52AA-CD3C-42EC-96F5-8BF27BA0A9B9}"
EndProject
Project("{2150E333-8FDC-42A3-9474-1A3956D46DE8}") = "tests", "tests", "{D05DFE6E-AA75-483A-918D-80E5D2C04681}"
EndProject
Project("{FAE04EC0-301F-11D3-BF4B-00C04F79EFBC}") = "Actio.Api.Tests", "tests\Actio.Api.Tests\Actio.Api.Tests.csproj", "{866CCD7A-B799-4CE1-AA1F-D117F578C6EE}"
EndProject
Project("{FAE04EC0-301F-11D3-BF4B-00C04F79EFBC}") = "Actio.Services.Activities.Tests", "tests\Actio.Services.Activities.Tests\Actio.Services.Activities.Tests.csproj", "{4562B99E-BCED-45D6-A403-6119E9EE17C6}"
EndProject
Project("{FAE04EC0-301F-11D3-BF4B-00C04F79EFBC}") = "Actio.Services.Identity.Tests", "tests\Actio.Services.Identity.Tests\Actio.Services.Identity.Tests.csproj", "{ED7B9E2B-2547-49E0-80E1-098CF7C853EF}"
EndProject
Global
	GlobalSection(SolutionConfigurationPlatforms) = preSolution
		Debug|Any CPU = Debug|Any CPU
		Debug|x64 = Debug|x64
		Debug|x86 = Debug|x86
		Release|Any CPU = Release|Any CPU
		Release|x64 = Release|x64
		Release|x86 = Release|x86
	EndGlobalSection
	GlobalSection(SolutionProperties) = preSolution
		HideSolutionNode = FALSE
	EndGlobalSection
	GlobalSection(ProjectConfigurationPlatforms) = postSolution
		{97EB152D-6A88-446F-9ED5-FEC9BC960482}.Debug|Any CPU.ActiveCfg = Debug|Any CPU
		{97EB152D-6A88-446F-9ED5-FEC9BC960482}.Debug|Any CPU.Build.0 = Debug|Any CPU
		{97EB152D-6A88-446F-9ED5-FEC9BC960482}.Debug|x64.ActiveCfg = Debug|Any CPU
		{97EB152D-6A88-446F-9ED5-FEC9BC960482}.Debug|x64.Build.0 = Debug|Any CPU
		{97EB152D-6A88-446F-9ED5-FEC9BC960482}.Debug|x86.ActiveCfg = Debug|Any CPU
		{97EB152D-6A88-446F-9ED5-FEC9BC960482}.Debug|x86.Build.0 = Debug|Any CPU
		{97EB152D-6A88-446F-9ED5-FEC9BC960482}.Release|Any CPU.ActiveCfg = Release|Any CPU
		{97EB152D-6A88-446F-9ED5-FEC9BC960482}.Release|Any CPU.Build.0 = Release|Any CPU
		{97EB152D-6A88-446F-9ED5-FEC9BC960482}.Release|x64.ActiveCfg = Release|Any CPU
		{97EB152D-6A88-446F-9ED5-FEC9BC960482}.Release|x64.Build.0 = Release|Any CPU
		{97EB152D-6A88-446F-9ED5-FEC9BC960482}.Release|x86.ActiveCfg = Release|Any CPU
		{97EB152D-6A88-446F-9ED5-FEC9BC960482}.Release|x86.Build.0 = Release|Any CPU
		{0BD6CED5-94F4-431A-99A7-E3A669CA6236}.Debug|Any CPU.ActiveCfg = Debug|Any CPU
		{0BD6CED5-94F4-431A-99A7-E3A669CA6236}.Debug|Any CPU.Build.0 = Debug|Any CPU
		{0BD6CED5-94F4-431A-99A7-E3A669CA6236}.Debug|x64.ActiveCfg = Debug|Any CPU
		{0BD6CED5-94F4-431A-99A7-E3A669CA6236}.Debug|x64.Build.0 = Debug|Any CPU
		{0BD6CED5-94F4-431A-99A7-E3A669CA6236}.Debug|x86.ActiveCfg = Debug|Any CPU
		{0BD6CED5-94F4-431A-99A7-E3A669CA6236}.Debug|x86.Build.0 = Debug|Any CPU
		{0BD6CED5-94F4-431A-99A7-E3A669CA6236}.Release|Any CPU.ActiveCfg = Release|Any CPU
		{0BD6CED5-94F4-431A-99A7-E3A669CA6236}.Release|Any CPU.Build.0 = Release|Any CPU
		{0BD6CED5-94F4-431A-99A7-E3A669CA6236}.Release|x64.ActiveCfg = Release|Any CPU
		{0BD6CED5-94F4-431A-99A7-E3A669CA6236}.Release|x64.Build.0 = Release|Any CPU
		{0BD6CED5-94F4-431A-99A7-E3A669CA6236}.Release|x86.ActiveCfg = Release|Any CPU
		{0BD6CED5-94F4-431A-99A7-E3A669CA6236}.Release|x86.Build.0 = Release|Any CPU
		{C049D797-F865-4B23-A567-E52BE8F2A415}.Debug|Any CPU.ActiveCfg = Debug|Any CPU
		{C049D797-F865-4B23-A567-E52BE8F2A415}.Debug|Any CPU.Build.0 = Debug|Any CPU
		{C049D797-F865-4B23-A567-E52BE8F2A415}.Debug|x64.ActiveCfg = Debug|Any CPU
		{C049D797-F865-4B23-A567-E52BE8F2A415}.Debug|x64.Build.0 = Debug|Any CPU
		{C049D797-F865-4B23-A567-E52BE8F2A415}.Debug|x86.ActiveCfg = Debug|Any CPU
		{C049D797-F865-4B23-A567-E52BE8F2A415}.Debug|x86.Build.0 = Debug|Any CPU
		{C049D797-F865-4B23-A567-E52BE8F2A415}.Release|Any CPU.ActiveCfg = Release|Any CPU
		{C049D797-F865-4B23-A567-E52BE8F2A415}.Release|Any CPU.Build.0 = Release|Any CPU
		{C049D797-F865-4B23-A567-E52BE8F2A415}.Release|x64.ActiveCfg = Release|Any CPU
		{C049D797-F865-4B23-A567-E52BE8F2A415}.Release|x64.Build.0 = Release|Any CPU
		{C049D797-F865-4B23-A567-E52BE8F2A415}.Release|x86.ActiveCfg = Release|Any CPU
		{C049D797-F865-4B23-A567-E52BE8F2A415}.Release|x86.Build.0 = Release|Any CPU
		{A03D52AA-CD3C-42EC-96F5-8BF27BA0A9B9}.Debug|Any CPU.ActiveCfg = Debug|Any CPU
		{A03D52AA-CD3C-42EC-96F5-8BF27BA0A9B9}.Debug|Any CPU.Build.0 = Debug|Any CPU
		{A03D52AA-CD3C-42EC-96F5-8BF27BA0A9B9}.Debug|x64.ActiveCfg = Debug|Any CPU
		{A03D52AA-CD3C-42EC-96F5-8BF27BA0A9B9}.Debug|x64.Build.0 = Debug|Any CPU
		{A03D52AA-CD3C-42EC-96F5-8BF27BA0A9B9}.Debug|x86.ActiveCfg = Debug|Any CPU
		{A03D52AA-CD3C-42EC-96F5-8BF27BA0A9B9}.Debug|x86.Build.0 = Debug|Any CPU
		{A03D52AA-CD3C-42EC-96F5-8BF27BA0A9B9}.Release|Any CPU.ActiveCfg = Release|Any CPU
		{A03D52AA-CD3C-42EC-96F5-8BF27BA0A9B9}.Release|Any CPU.Build.0 = Release|Any CPU
		{A03D52AA-CD3C-42EC-96F5-8BF27BA0A9B9}.Release|x64.ActiveCfg = Release|Any CPU
		{A03D52AA-CD3C-42EC-96F5-8BF27BA0A9B9}.Release|x64.Build.0 = Release|Any CPU
		{A03D52AA-CD3C-42EC-96F5-8BF27BA0A9B9}.Release|x86.ActiveCfg = Release|Any CPU
		{A03D52AA-CD3C-42EC-96F5-8BF27BA0A9B9}.Release|x86.Build.0 = Release|Any CPU
		{866CCD7A-B799-4CE1-AA1F-D117F578C6EE}.Debug|Any CPU.ActiveCfg = Debug|Any CPU
		{866CCD7A-B799-4CE1-AA1F-D117F578C6EE}.Debug|Any CPU.Build.0 = Debug|Any CPU
		{866CCD7A-B799-4CE1-AA1F-D117F578C6EE}.Debug|x64.ActiveCfg = Debug|Any CPU
		{866CCD7A-B799-4CE1-AA1F-D117F578C6EE}.Debug|x64.Build.0 = Debug|Any CPU
		{866CCD7A-B799-4CE1-AA1F-D117F578C6EE}.Debug|x86.ActiveCfg = Debug|Any CPU
		{866CCD7A-B799-4CE1-AA1F-D117F578C6EE}.Debug|x86.Build.0 = Debug|Any CPU
		{866CCD7A-B799-4CE1-AA1F-D117F578C6EE}.Release|Any CPU.ActiveCfg = Release|Any CPU
		{866CCD7A-B799-4CE1-AA1F-D117F578C6EE}.Release|Any CPU.Build.0 = Release|Any CPU
		{866CCD7A-B799-4CE1-AA1F-D117F578C6EE}.Release|x64.ActiveCfg = Release|Any CPU
		{866CCD7A-B799-4CE1-AA1F-D117F578C6EE}.Release|x64.Build.0 = Release|Any CPU
		{866CCD7A-B799-4CE1-AA1F-D117F578C6EE}.Release|x86.ActiveCfg = Release|Any CPU
		{866CCD7A-B799-4CE1-AA1F-D117F578C6EE}.Release|x86.Build.0 = Release|Any CPU
		{4562B99E-BCED-45D6-A403-6119E9EE17C6}.Debug|Any CPU.ActiveCfg = Debug|Any CPU
		{4562B99E-BCED-45D6-A403-6119E9EE17C6}.Debug|Any CPU.Build.0 = Debug|Any CPU
		{4562B99E-BCED-45D6-A403-6119E9EE17C6}.Debug|x64.ActiveCfg = Debug|Any CPU
		{4562B99E-BCED-45D6-A403-6119E9EE17C6}.Debug|x64.Build.0 = Debug|Any CPU
		{4562B99E-BCED-45D6-A403-6119E9EE17C6}.Debug|x86.ActiveCfg = Debug|Any CPU
		{4562B99E-BCED-45D6-A403-6119E9EE17C6}.Debug|x86.Build.0 = Debug|Any CPU
		{4562B99E-BCED-45D6-A403-6119E9EE17C6}.Release|Any CPU.ActiveCfg = Release|Any CPU
		{4562B99E-BCED-45D6-A403-6119E9EE17C6}.Release|Any CPU.Build.0 = Release|Any CPU
		{4562B99E-BCED-45D6-A403-6119E9EE17C6}.Release|x64.ActiveCfg = Release|Any CPU
		{4562B99E-BCED-45D6-A403-6119E9EE17C6}.Release|x64.Build.0 = Release|Any CPU
		{4562B99E-BCED-45D6-A403-6119E9EE17C6}.Release|x86.ActiveCfg = Release|Any CPU
		{4562B99E-BCED-45D6-A403-6119E9EE17C6}.Release|x86.Build.0 = Release|Any CPU
		{ED7B9E2B-2547-49E0-80E1-098CF7C853EF}.Debug|Any CPU.ActiveCfg = Debug|Any CPU
		{ED7B9E2B-2547-49E0-80E1-098CF7C853EF}.Debug|Any CPU.Build.0 = Debug|Any CPU
		{ED7B9E2B-2547-49E0-80E1-098CF7C853EF}.Debug|x64.ActiveCfg = Debug|Any CPU
		{ED7B9E2B-2547-49E0-80E1-098CF7C853EF}.Debug|x64.Build.0 = Debug|Any CPU
		{ED7B9E2B-2547-49E0-80E1-098CF7C853EF}.Debug|x86.ActiveCfg = Debug|Any CPU
		{ED7B9E2B-2547-49E0-80E1-098CF7C853EF}.Debug|x86.Build.0 = Debug|Any CPU
		{ED7B9E2B-2547-49E0-80E1-098CF7C853EF}.Release|Any CPU.ActiveCfg = Release|Any CPU
		{ED7B9E2B-2547-49E0-80E1-098CF7C853EF}.Release|Any CPU.Build.0 = Release|Any CPU
		{ED7B9E2B-2547-49E0-80E1-098CF7C853EF}.Release|x64.ActiveCfg = Release|Any CPU
		{ED7B9E2B-2547-49E0-80E1-098CF7C853EF}.Release|x64.Build.0 = Release|Any CPU
		{ED7B9E2B-2547-49E0-80E1-098CF7C853EF}.Release|x86.ActiveCfg = Release|Any CPU
		{ED7B9E2B-2547-49E0-80E1-098CF7C853EF}.Release|x86.Build.0 = Release|Any CPU
	EndGlobalSection
	GlobalSection(NestedProjects) = preSolution
		{97EB152D-6A88-446F-9ED5-FEC9BC960482} = {9EDB9FB4-405E-43D1-9F86-A5F2B72CF6F3}
		{0BD6CED5-94F4-431A-99A7-E3A669CA6236} = {9EDB9FB4-405E-43D1-9F86-A5F2B72CF6F3}
		{C049D797-F865-4B23-A567-E52BE8F2A415} = {9EDB9FB4-405E-43D1-9F86-A5F2B72CF6F3}
		{A03D52AA-CD3C-42EC-96F5-8BF27BA0A9B9} = {9EDB9FB4-405E-43D1-9F86-A5F2B72CF6F3}
		{866CCD7A-B799-4CE1-AA1F-D117F578C6EE} = {D05DFE6E-AA75-483A-918D-80E5D2C04681}
		{4562B99E-BCED-45D6-A403-6119E9EE17C6} = {D05DFE6E-AA75-483A-918D-80E5D2C04681}
		{ED7B9E2B-2547-49E0-80E1-098CF7C853EF} = {D05DFE6E-AA75-483A-918D-80E5D2C04681}
	EndGlobalSection
EndGlobal
