
Microsoft Visual Studio Solution File, Format Version 12.00
# Visual Studio 15
VisualStudioVersion = 15.0.26124.0
MinimumVisualStudioVersion = 15.0.26124.0
Project("{2150E333-8FDC-42A3-9474-1A3956D46DE8}") = "src", "src", "{246CA805-A470-4D55-9716-87BA3EFE45E6}"
EndProject
Project("{FAE04EC0-301F-11D3-BF4B-00C04F79EFBC}") = "Actio.Api", "src\Actio.Api\Actio.Api.csproj", "{5B841E22-F75F-4C61-8E12-3D0AE8BB2874}"
EndProject
Project("{FAE04EC0-301F-11D3-BF4B-00C04F79EFBC}") = "Actio.Common", "src\Actio.Common\Actio.Common.csproj", "{1B3C1BC3-39C1-4467-9E19-002D7A3F6653}"
EndProject
Project("{FAE04EC0-301F-11D3-BF4B-00C04F79EFBC}") = "Actio.Services.Identity", "src\Actio.Services.Identity\Actio.Services.Identity.csproj", "{2E9B9113-932F-4233-9351-B53EB5712B50}"
EndProject
Project("{FAE04EC0-301F-11D3-BF4B-00C04F79EFBC}") = "Actio.Services.Activities", "src\Actio.Services.Activities\Actio.Services.Activities.csproj", "{00DE91FB-AE40-4914-BE5A-BFC0C31500D8}"
EndProject
Project("{2150E333-8FDC-42A3-9474-1A3956D46DE8}") = "tests", "tests", "{01C3B034-4A50-4834-A7CF-50EB525D261C}"
EndProject
Project("{FAE04EC0-301F-11D3-BF4B-00C04F79EFBC}") = "Actio.Api.Tests", "tests\Actio.Api.Tests\Actio.Api.Tests.csproj", "{62AFE1CE-3F7F-4052-BD68-9466C92B26E3}"
EndProject
Project("{FAE04EC0-301F-11D3-BF4B-00C04F79EFBC}") = "Actio.Services.Activities.Tests", "tests\Actio.Services.Activities.Tests\Actio.Services.Activities.Tests.csproj", "{CC1DD2F5-D491-4C79-9ACE-1B925D56F3D0}"
EndProject
Project("{FAE04EC0-301F-11D3-BF4B-00C04F79EFBC}") = "Actio.Services.Identity.Tests", "tests\Actio.Services.Identity.Tests\Actio.Services.Identity.Tests.csproj", "{3FC05A13-4727-4214-954A-E877BCCBD94E}"
EndProject
Global
	GlobalSection(SolutionConfigurationPlatforms) = preSolution
		Debug|Any CPU = Debug|Any CPU
		Debug|x64 = Debug|x64
		Debug|x86 = Debug|x86
		Release|Any CPU = Release|Any CPU
		Release|x64 = Release|x64
		Release|x86 = Release|x86
	EndGlobalSection
	GlobalSection(SolutionProperties) = preSolution
		HideSolutionNode = FALSE
	EndGlobalSection
	GlobalSection(ProjectConfigurationPlatforms) = postSolution
		{5B841E22-F75F-4C61-8E12-3D0AE8BB2874}.Debug|Any CPU.ActiveCfg = Debug|Any CPU
		{5B841E22-F75F-4C61-8E12-3D0AE8BB2874}.Debug|Any CPU.Build.0 = Debug|Any CPU
		{5B841E22-F75F-4C61-8E12-3D0AE8BB2874}.Debug|x64.ActiveCfg = Debug|Any CPU
		{5B841E22-F75F-4C61-8E12-3D0AE8BB2874}.Debug|x64.Build.0 = Debug|Any CPU
		{5B841E22-F75F-4C61-8E12-3D0AE8BB2874}.Debug|x86.ActiveCfg = Debug|Any CPU
		{5B841E22-F75F-4C61-8E12-3D0AE8BB2874}.Debug|x86.Build.0 = Debug|Any CPU
		{5B841E22-F75F-4C61-8E12-3D0AE8BB2874}.Release|Any CPU.ActiveCfg = Release|Any CPU
		{5B841E22-F75F-4C61-8E12-3D0AE8BB2874}.Release|Any CPU.Build.0 = Release|Any CPU
		{5B841E22-F75F-4C61-8E12-3D0AE8BB2874}.Release|x64.ActiveCfg = Release|Any CPU
		{5B841E22-F75F-4C61-8E12-3D0AE8BB2874}.Release|x64.Build.0 = Release|Any CPU
		{5B841E22-F75F-4C61-8E12-3D0AE8BB2874}.Release|x86.ActiveCfg = Release|Any CPU
		{5B841E22-F75F-4C61-8E12-3D0AE8BB2874}.Release|x86.Build.0 = Release|Any CPU
		{1B3C1BC3-39C1-4467-9E19-002D7A3F6653}.Debug|Any CPU.ActiveCfg = Debug|Any CPU
		{1B3C1BC3-39C1-4467-9E19-002D7A3F6653}.Debug|Any CPU.Build.0 = Debug|Any CPU
		{1B3C1BC3-39C1-4467-9E19-002D7A3F6653}.Debug|x64.ActiveCfg = Debug|Any CPU
		{1B3C1BC3-39C1-4467-9E19-002D7A3F6653}.Debug|x64.Build.0 = Debug|Any CPU
		{1B3C1BC3-39C1-4467-9E19-002D7A3F6653}.Debug|x86.ActiveCfg = Debug|Any CPU
		{1B3C1BC3-39C1-4467-9E19-002D7A3F6653}.Debug|x86.Build.0 = Debug|Any CPU
		{1B3C1BC3-39C1-4467-9E19-002D7A3F6653}.Release|Any CPU.ActiveCfg = Release|Any CPU
		{1B3C1BC3-39C1-4467-9E19-002D7A3F6653}.Release|Any CPU.Build.0 = Release|Any CPU
		{1B3C1BC3-39C1-4467-9E19-002D7A3F6653}.Release|x64.ActiveCfg = Release|Any CPU
		{1B3C1BC3-39C1-4467-9E19-002D7A3F6653}.Release|x64.Build.0 = Release|Any CPU
		{1B3C1BC3-39C1-4467-9E19-002D7A3F6653}.Release|x86.ActiveCfg = Release|Any CPU
		{1B3C1BC3-39C1-4467-9E19-002D7A3F6653}.Release|x86.Build.0 = Release|Any CPU
		{2E9B9113-932F-4233-9351-B53EB5712B50}.Debug|Any CPU.ActiveCfg = Debug|Any CPU
		{2E9B9113-932F-4233-9351-B53EB5712B50}.Debug|Any CPU.Build.0 = Debug|Any CPU
		{2E9B9113-932F-4233-9351-B53EB5712B50}.Debug|x64.ActiveCfg = Debug|Any CPU
		{2E9B9113-932F-4233-9351-B53EB5712B50}.Debug|x64.Build.0 = Debug|Any CPU
		{2E9B9113-932F-4233-9351-B53EB5712B50}.Debug|x86.ActiveCfg = Debug|Any CPU
		{2E9B9113-932F-4233-9351-B53EB5712B50}.Debug|x86.Build.0 = Debug|Any CPU
		{2E9B9113-932F-4233-9351-B53EB5712B50}.Release|Any CPU.ActiveCfg = Release|Any CPU
		{2E9B9113-932F-4233-9351-B53EB5712B50}.Release|Any CPU.Build.0 = Release|Any CPU
		{2E9B9113-932F-4233-9351-B53EB5712B50}.Release|x64.ActiveCfg = Release|Any CPU
		{2E9B9113-932F-4233-9351-B53EB5712B50}.Release|x64.Build.0 = Release|Any CPU
		{2E9B9113-932F-4233-9351-B53EB5712B50}.Release|x86.ActiveCfg = Release|Any CPU
		{2E9B9113-932F-4233-9351-B53EB5712B50}.Release|x86.Build.0 = Release|Any CPU
		{00DE91FB-AE40-4914-BE5A-BFC0C31500D8}.Debug|Any CPU.ActiveCfg = Debug|Any CPU
		{00DE91FB-AE40-4914-BE5A-BFC0C31500D8}.Debug|Any CPU.Build.0 = Debug|Any CPU
		{00DE91FB-AE40-4914-BE5A-BFC0C31500D8}.Debug|x64.ActiveCfg = Debug|Any CPU
		{00DE91FB-AE40-4914-BE5A-BFC0C31500D8}.Debug|x64.Build.0 = Debug|Any CPU
		{00DE91FB-AE40-4914-BE5A-BFC0C31500D8}.Debug|x86.ActiveCfg = Debug|Any CPU
		{00DE91FB-AE40-4914-BE5A-BFC0C31500D8}.Debug|x86.Build.0 = Debug|Any CPU
		{00DE91FB-AE40-4914-BE5A-BFC0C31500D8}.Release|Any CPU.ActiveCfg = Release|Any CPU
		{00DE91FB-AE40-4914-BE5A-BFC0C31500D8}.Release|Any CPU.Build.0 = Release|Any CPU
		{00DE91FB-AE40-4914-BE5A-BFC0C31500D8}.Release|x64.ActiveCfg = Release|Any CPU
		{00DE91FB-AE40-4914-BE5A-BFC0C31500D8}.Release|x64.Build.0 = Release|Any CPU
		{00DE91FB-AE40-4914-BE5A-BFC0C31500D8}.Release|x86.ActiveCfg = Release|Any CPU
		{00DE91FB-AE40-4914-BE5A-BFC0C31500D8}.Release|x86.Build.0 = Release|Any CPU
		{62AFE1CE-3F7F-4052-BD68-9466C92B26E3}.Debug|Any CPU.ActiveCfg = Debug|Any CPU
		{62AFE1CE-3F7F-4052-BD68-9466C92B26E3}.Debug|Any CPU.Build.0 = Debug|Any CPU
		{62AFE1CE-3F7F-4052-BD68-9466C92B26E3}.Debug|x64.ActiveCfg = Debug|Any CPU
		{62AFE1CE-3F7F-4052-BD68-9466C92B26E3}.Debug|x64.Build.0 = Debug|Any CPU
		{62AFE1CE-3F7F-4052-BD68-9466C92B26E3}.Debug|x86.ActiveCfg = Debug|Any CPU
		{62AFE1CE-3F7F-4052-BD68-9466C92B26E3}.Debug|x86.Build.0 = Debug|Any CPU
		{62AFE1CE-3F7F-4052-BD68-9466C92B26E3}.Release|Any CPU.ActiveCfg = Release|Any CPU
		{62AFE1CE-3F7F-4052-BD68-9466C92B26E3}.Release|Any CPU.Build.0 = Release|Any CPU
		{62AFE1CE-3F7F-4052-BD68-9466C92B26E3}.Release|x64.ActiveCfg = Release|Any CPU
		{62AFE1CE-3F7F-4052-BD68-9466C92B26E3}.Release|x64.Build.0 = Release|Any CPU
		{62AFE1CE-3F7F-4052-BD68-9466C92B26E3}.Release|x86.ActiveCfg = Release|Any CPU
		{62AFE1CE-3F7F-4052-BD68-9466C92B26E3}.Release|x86.Build.0 = Release|Any CPU
		{CC1DD2F5-D491-4C79-9ACE-1B925D56F3D0}.Debug|Any CPU.ActiveCfg = Debug|Any CPU
		{CC1DD2F5-D491-4C79-9ACE-1B925D56F3D0}.Debug|Any CPU.Build.0 = Debug|Any CPU
		{CC1DD2F5-D491-4C79-9ACE-1B925D56F3D0}.Debug|x64.ActiveCfg = Debug|Any CPU
		{CC1DD2F5-D491-4C79-9ACE-1B925D56F3D0}.Debug|x64.Build.0 = Debug|Any CPU
		{CC1DD2F5-D491-4C79-9ACE-1B925D56F3D0}.Debug|x86.ActiveCfg = Debug|Any CPU
		{CC1DD2F5-D491-4C79-9ACE-1B925D56F3D0}.Debug|x86.Build.0 = Debug|Any CPU
		{CC1DD2F5-D491-4C79-9ACE-1B925D56F3D0}.Release|Any CPU.ActiveCfg = Release|Any CPU
		{CC1DD2F5-D491-4C79-9ACE-1B925D56F3D0}.Release|Any CPU.Build.0 = Release|Any CPU
		{CC1DD2F5-D491-4C79-9ACE-1B925D56F3D0}.Release|x64.ActiveCfg = Release|Any CPU
		{CC1DD2F5-D491-4C79-9ACE-1B925D56F3D0}.Release|x64.Build.0 = Release|Any CPU
		{CC1DD2F5-D491-4C79-9ACE-1B925D56F3D0}.Release|x86.ActiveCfg = Release|Any CPU
		{CC1DD2F5-D491-4C79-9ACE-1B925D56F3D0}.Release|x86.Build.0 = Release|Any CPU
		{3FC05A13-4727-4214-954A-E877BCCBD94E}.Debug|Any CPU.ActiveCfg = Debug|Any CPU
		{3FC05A13-4727-4214-954A-E877BCCBD94E}.Debug|Any CPU.Build.0 = Debug|Any CPU
		{3FC05A13-4727-4214-954A-E877BCCBD94E}.Debug|x64.ActiveCfg = Debug|Any CPU
		{3FC05A13-4727-4214-954A-E877BCCBD94E}.Debug|x64.Build.0 = Debug|Any CPU
		{3FC05A13-4727-4214-954A-E877BCCBD94E}.Debug|x86.ActiveCfg = Debug|Any CPU
		{3FC05A13-4727-4214-954A-E877BCCBD94E}.Debug|x86.Build.0 = Debug|Any CPU
		{3FC05A13-4727-4214-954A-E877BCCBD94E}.Release|Any CPU.ActiveCfg = Release|Any CPU
		{3FC05A13-4727-4214-954A-E877BCCBD94E}.Release|Any CPU.Build.0 = Release|Any CPU
		{3FC05A13-4727-4214-954A-E877BCCBD94E}.Release|x64.ActiveCfg = Release|Any CPU
		{3FC05A13-4727-4214-954A-E877BCCBD94E}.Release|x64.Build.0 = Release|Any CPU
		{3FC05A13-4727-4214-954A-E877BCCBD94E}.Release|x86.ActiveCfg = Release|Any CPU
		{3FC05A13-4727-4214-954A-E877BCCBD94E}.Release|x86.Build.0 = Release|Any CPU
	EndGlobalSection
	GlobalSection(NestedProjects) = preSolution
		{5B841E22-F75F-4C61-8E12-3D0AE8BB2874} = {246CA805-A470-4D55-9716-87BA3EFE45E6}
		{1B3C1BC3-39C1-4467-9E19-002D7A3F6653} = {246CA805-A470-4D55-9716-87BA3EFE45E6}
		{2E9B9113-932F-4233-9351-B53EB5712B50} = {246CA805-A470-4D55-9716-87BA3EFE45E6}
		{00DE91FB-AE40-4914-BE5A-BFC0C31500D8} = {246CA805-A470-4D55-9716-87BA3EFE45E6}
		{62AFE1CE-3F7F-4052-BD68-9466C92B26E3} = {01C3B034-4A50-4834-A7CF-50EB525D261C}
		{CC1DD2F5-D491-4C79-9ACE-1B925D56F3D0} = {01C3B034-4A50-4834-A7CF-50EB525D261C}
		{3FC05A13-4727-4214-954A-E877BCCBD94E} = {01C3B034-4A50-4834-A7CF-50EB525D261C}
	EndGlobalSection
EndGlobal
